// !$*UTF8*$!
{
	archiveVersion = 1;
	classes = {
	};
	objectVersion = 70;
	objects = {

/* Begin PBXBuildFile section */
		8F022C042C69582D0006E814 /* Content.swift in Sources */ = {isa = PBXBuildFile; fileRef = 8F022C032C69582D0006E814 /* Content.swift */; };
		8F27F0162CE6BB1800117E8E /* gifsicle in Resources */ = {isa = PBXBuildFile; fileRef = 8F27F0152CE6BB1800117E8E /* gifsicle */; };
		8F352AF32C674AA700D107CD /* CompactSlider in Frameworks */ = {isa = PBXBuildFile; productRef = 8F352AF22C674AA700D107CD /* CompactSlider */; };
		8F352AF52C6842EB00D107CD /* Intents.swift in Sources */ = {isa = PBXBuildFile; fileRef = 8F352AF42C6842EB00D107CD /* Intents.swift */; };
		8F352AFB2C69530500D107CD /* FluidMenuBarExtra in Frameworks */ = {isa = PBXBuildFile; platformFilters = (macos, ); productRef = 8F352AFA2C69530500D107CD /* FluidMenuBarExtra */; };
		8F3730642C65CF7D000421B9 /* idotmatrix_swiftApp.swift in Sources */ = {isa = PBXBuildFile; fileRef = 8F3730632C65CF7D000421B9 /* idotmatrix_swiftApp.swift */; };
		8F3730682C65CF7E000421B9 /* Assets.xcassets in Resources */ = {isa = PBXBuildFile; fileRef = 8F3730672C65CF7E000421B9 /* Assets.xcassets */; };
		8F37306B2C65CF7E000421B9 /* Preview Assets.xcassets in Resources */ = {isa = PBXBuildFile; fileRef = 8F37306A2C65CF7E000421B9 /* Preview Assets.xcassets */; };
		8F3730752C65D189000421B9 /* SwiftBluetooth in Frameworks */ = {isa = PBXBuildFile; productRef = 8F3730742C65D189000421B9 /* SwiftBluetooth */; };
		8F7B369D2CADB23600DB7FEC /* ColorPickerRing in Frameworks */ = {isa = PBXBuildFile; productRef = 8F7B369C2CADB23600DB7FEC /* ColorPickerRing */; };
		8F7B36A02CADB30600DB7FEC /* DynamicColor in Frameworks */ = {isa = PBXBuildFile; productRef = 8F7B369F2CADB30600DB7FEC /* DynamicColor */; };
		8F9FDCEA2CF95707003874CE /* SpotifyScripting.swift in Sources */ = {isa = PBXBuildFile; fileRef = 8F9FDCE92CF95707003874CE /* SpotifyScripting.swift */; };
/* End PBXBuildFile section */

/* Begin PBXFileReference section */
		8F022C032C69582D0006E814 /* Content.swift */ = {isa = PBXFileReference; lastKnownFileType = sourcecode.swift; path = Content.swift; sourceTree = "<group>"; };
		8F27F0152CE6BB1800117E8E /* gifsicle */ = {isa = PBXFileReference; lastKnownFileType = "compiled.mach-o.executable"; path = gifsicle; sourceTree = "<group>"; };
		8F352AF42C6842EB00D107CD /* Intents.swift */ = {isa = PBXFileReference; lastKnownFileType = sourcecode.swift; path = Intents.swift; sourceTree = "<group>"; };
		8F3730602C65CF7D000421B9 /* Dot Matrix.app */ = {isa = PBXFileReference; explicitFileType = wrapper.application; includeInIndex = 0; path = "Dot Matrix.app"; sourceTree = BUILT_PRODUCTS_DIR; };
		8F3730632C65CF7D000421B9 /* idotmatrix_swiftApp.swift */ = {isa = PBXFileReference; lastKnownFileType = sourcecode.swift; path = idotmatrix_swiftApp.swift; sourceTree = "<group>"; };
		8F3730672C65CF7E000421B9 /* Assets.xcassets */ = {isa = PBXFileReference; lastKnownFileType = folder.assetcatalog; path = Assets.xcassets; sourceTree = "<group>"; };
		8F37306A2C65CF7E000421B9 /* Preview Assets.xcassets */ = {isa = PBXFileReference; lastKnownFileType = folder.assetcatalog; path = "Preview Assets.xcassets"; sourceTree = "<group>"; };
		8F37306C2C65CF7E000421B9 /* idotmatrix_swift.entitlements */ = {isa = PBXFileReference; lastKnownFileType = text.plist.entitlements; path = idotmatrix_swift.entitlements; sourceTree = "<group>"; };
		8F3730722C65D02F000421B9 /* Info.plist */ = {isa = PBXFileReference; lastKnownFileType = text.plist; path = Info.plist; sourceTree = "<group>"; };
		8F9FDCE92CF95707003874CE /* SpotifyScripting.swift */ = {isa = PBXFileReference; lastKnownFileType = sourcecode.swift; path = SpotifyScripting.swift; sourceTree = "<group>"; };
/* End PBXFileReference section */

/* Begin PBXFileSystemSynchronizedRootGroup section */
		8FA5086B2CFD266000AD0549 /* ViewModel */ = {isa = PBXFileSystemSynchronizedRootGroup; explicitFileTypes = {}; explicitFolders = (); path = ViewModel; sourceTree = "<group>"; };
/* End PBXFileSystemSynchronizedRootGroup section */

/* Begin PBXFrameworksBuildPhase section */
		8F37305D2C65CF7D000421B9 /* Frameworks */ = {
			isa = PBXFrameworksBuildPhase;
			buildActionMask = 2147483647;
			files = (
				8F7B369D2CADB23600DB7FEC /* ColorPickerRing in Frameworks */,
				8F7B36A02CADB30600DB7FEC /* DynamicColor in Frameworks */,
				8F352AF32C674AA700D107CD /* CompactSlider in Frameworks */,
				8F352AFB2C69530500D107CD /* FluidMenuBarExtra in Frameworks */,
				8F3730752C65D189000421B9 /* SwiftBluetooth in Frameworks */,
			);
			runOnlyForDeploymentPostprocessing = 0;
		};
/* End PBXFrameworksBuildPhase section */

/* Begin PBXGroup section */
		8F3730572C65CF7D000421B9 = {
			isa = PBXGroup;
			children = (
				8F3730622C65CF7D000421B9 /* idotmatrix-swift */,
				8F3730612C65CF7D000421B9 /* Products */,
			);
			sourceTree = "<group>";
		};
		8F3730612C65CF7D000421B9 /* Products */ = {
			isa = PBXGroup;
			children = (
				8F3730602C65CF7D000421B9 /* Dot Matrix.app */,
			);
			name = Products;
			sourceTree = "<group>";
		};
		8F3730622C65CF7D000421B9 /* idotmatrix-swift */ = {
			isa = PBXGroup;
			children = (
				8F3730722C65D02F000421B9 /* Info.plist */,
				8F27F0152CE6BB1800117E8E /* gifsicle */,
				8F022C032C69582D0006E814 /* Content.swift */,
				8F3730632C65CF7D000421B9 /* idotmatrix_swiftApp.swift */,
				8F9FDCE92CF95707003874CE /* SpotifyScripting.swift */,
				8F352AF42C6842EB00D107CD /* Intents.swift */,
				8FA5086B2CFD266000AD0549 /* ViewModel */,
				8F3730672C65CF7E000421B9 /* Assets.xcassets */,
				8F37306C2C65CF7E000421B9 /* idotmatrix_swift.entitlements */,
				8F3730692C65CF7E000421B9 /* Preview Content */,
			);
			path = "idotmatrix-swift";
			sourceTree = "<group>";
		};
		8F3730692C65CF7E000421B9 /* Preview Content */ = {
			isa = PBXGroup;
			children = (
				8F37306A2C65CF7E000421B9 /* Preview Assets.xcassets */,
			);
			path = "Preview Content";
			sourceTree = "<group>";
		};
/* End PBXGroup section */

/* Begin PBXNativeTarget section */
		8F37305F2C65CF7D000421B9 /* Dot Matrix */ = {
			isa = PBXNativeTarget;
			buildConfigurationList = 8F37306F2C65CF7E000421B9 /* Build configuration list for PBXNativeTarget "Dot Matrix" */;
			buildPhases = (
				8F37305C2C65CF7D000421B9 /* Sources */,
				8F37305D2C65CF7D000421B9 /* Frameworks */,
				8F37305E2C65CF7D000421B9 /* Resources */,
			);
			buildRules = (
			);
			dependencies = (
			);
			fileSystemSynchronizedGroups = (
				8FA5086B2CFD266000AD0549 /* ViewModel */,
			);
			name = "Dot Matrix";
			packageProductDependencies = (
				8F3730742C65D189000421B9 /* SwiftBluetooth */,
				8F352AF22C674AA700D107CD /* CompactSlider */,
				8F352AFA2C69530500D107CD /* FluidMenuBarExtra */,
				8F7B369C2CADB23600DB7FEC /* ColorPickerRing */,
				8F7B369F2CADB30600DB7FEC /* DynamicColor */,
			);
			productName = "idotmatrix-swift";
			productReference = 8F3730602C65CF7D000421B9 /* Dot Matrix.app */;
			productType = "com.apple.product-type.application";
		};
/* End PBXNativeTarget section */

/* Begin PBXProject section */
		8F3730582C65CF7D000421B9 /* Project object */ = {
			isa = PBXProject;
			attributes = {
				BuildIndependentTargetsInParallel = 1;
				KnownAssetTags = (
					New,
				);
				LastSwiftUpdateCheck = 1540;
				LastUpgradeCheck = 1540;
				TargetAttributes = {
					8F37305F2C65CF7D000421B9 = {
						CreatedOnToolsVersion = 15.4;
					};
				};
			};
			buildConfigurationList = 8F37305B2C65CF7D000421B9 /* Build configuration list for PBXProject "idotmatrix-swift" */;
			compatibilityVersion = "Xcode 14.0";
			developmentRegion = en;
			hasScannedForEncodings = 0;
			knownRegions = (
				en,
				Base,
			);
			mainGroup = 8F3730572C65CF7D000421B9;
			packageReferences = (
				8F3730732C65D189000421B9 /* XCRemoteSwiftPackageReference "SwiftBluetooth" */,
				8F352AF12C674AA700D107CD /* XCRemoteSwiftPackageReference "CompactSlider" */,
				8F352AF92C69530500D107CD /* XCRemoteSwiftPackageReference "fluid-menu-bar-extra" */,
				8F7B369B2CADB23600DB7FEC /* XCRemoteSwiftPackageReference "ColorPicker" */,
				8F7B369E2CADB30600DB7FEC /* XCRemoteSwiftPackageReference "DynamicColor" */,
			);
			productRefGroup = 8F3730612C65CF7D000421B9 /* Products */;
			projectDirPath = "";
			projectRoot = "";
			targets = (
				8F37305F2C65CF7D000421B9 /* Dot Matrix */,
			);
		};
/* End PBXProject section */

/* Begin PBXResourcesBuildPhase section */
		8F37305E2C65CF7D000421B9 /* Resources */ = {
			isa = PBXResourcesBuildPhase;
			buildActionMask = 2147483647;
			files = (
				8F37306B2C65CF7E000421B9 /* Preview Assets.xcassets in Resources */,
				8F3730682C65CF7E000421B9 /* Assets.xcassets in Resources */,
				8F27F0162CE6BB1800117E8E /* gifsicle in Resources */,
			);
			runOnlyForDeploymentPostprocessing = 0;
		};
/* End PBXResourcesBuildPhase section */

/* Begin PBXSourcesBuildPhase section */
		8F37305C2C65CF7D000421B9 /* Sources */ = {
			isa = PBXSourcesBuildPhase;
			buildActionMask = 2147483647;
			files = (
				8F352AF52C6842EB00D107CD /* Intents.swift in Sources */,
				8F9FDCEA2CF95707003874CE /* SpotifyScripting.swift in Sources */,
				8F3730642C65CF7D000421B9 /* idotmatrix_swiftApp.swift in Sources */,
				8F022C042C69582D0006E814 /* Content.swift in Sources */,
			);
			runOnlyForDeploymentPostprocessing = 0;
		};
/* End PBXSourcesBuildPhase section */

/* Begin XCBuildConfiguration section */
		8F37306D2C65CF7E000421B9 /* Debug */ = {
			isa = XCBuildConfiguration;
			buildSettings = {
				ALWAYS_SEARCH_USER_PATHS = NO;
				ASSETCATALOG_COMPILER_GENERATE_SWIFT_ASSET_SYMBOL_EXTENSIONS = YES;
				CLANG_ANALYZER_NONNULL = YES;
				CLANG_ANALYZER_NUMBER_OBJECT_CONVERSION = YES_AGGRESSIVE;
				CLANG_CXX_LANGUAGE_STANDARD = "gnu++20";
				CLANG_ENABLE_MODULES = YES;
				CLANG_ENABLE_OBJC_ARC = YES;
				CLANG_ENABLE_OBJC_WEAK = YES;
				CLANG_WARN_BLOCK_CAPTURE_AUTORELEASING = YES;
				CLANG_WARN_BOOL_CONVERSION = YES;
				CLANG_WARN_COMMA = YES;
				CLANG_WARN_CONSTANT_CONVERSION = YES;
				CLANG_WARN_DEPRECATED_OBJC_IMPLEMENTATIONS = YES;
				CLANG_WARN_DIRECT_OBJC_ISA_USAGE = YES_ERROR;
				CLANG_WARN_DOCUMENTATION_COMMENTS = YES;
				CLANG_WARN_EMPTY_BODY = YES;
				CLANG_WARN_ENUM_CONVERSION = YES;
				CLANG_WARN_INFINITE_RECURSION = YES;
				CLANG_WARN_INT_CONVERSION = YES;
				CLANG_WARN_NON_LITERAL_NULL_CONVERSION = YES;
				CLANG_WARN_OBJC_IMPLICIT_RETAIN_SELF = YES;
				CLANG_WARN_OBJC_LITERAL_CONVERSION = YES;
				CLANG_WARN_OBJC_ROOT_CLASS = YES_ERROR;
				CLANG_WARN_QUOTED_INCLUDE_IN_FRAMEWORK_HEADER = YES;
				CLANG_WARN_RANGE_LOOP_ANALYSIS = YES;
				CLANG_WARN_STRICT_PROTOTYPES = YES;
				CLANG_WARN_SUSPICIOUS_MOVE = YES;
				CLANG_WARN_UNGUARDED_AVAILABILITY = YES_AGGRESSIVE;
				CLANG_WARN_UNREACHABLE_CODE = YES;
				CLANG_WARN__DUPLICATE_METHOD_MATCH = YES;
				COPY_PHASE_STRIP = NO;
				DEBUG_INFORMATION_FORMAT = dwarf;
				ENABLE_STRICT_OBJC_MSGSEND = YES;
				ENABLE_TESTABILITY = YES;
				ENABLE_USER_SCRIPT_SANDBOXING = YES;
				GCC_C_LANGUAGE_STANDARD = gnu17;
				GCC_DYNAMIC_NO_PIC = NO;
				GCC_NO_COMMON_BLOCKS = YES;
				GCC_OPTIMIZATION_LEVEL = 0;
				GCC_PREPROCESSOR_DEFINITIONS = (
					"DEBUG=1",
					"$(inherited)",
				);
				GCC_WARN_64_TO_32_BIT_CONVERSION = YES;
				GCC_WARN_ABOUT_RETURN_TYPE = YES_ERROR;
				GCC_WARN_UNDECLARED_SELECTOR = YES;
				GCC_WARN_UNINITIALIZED_AUTOS = YES_AGGRESSIVE;
				GCC_WARN_UNUSED_FUNCTION = YES;
				GCC_WARN_UNUSED_VARIABLE = YES;
				LOCALIZATION_PREFERS_STRING_CATALOGS = YES;
				MACOSX_DEPLOYMENT_TARGET = 14.5;
				MTL_ENABLE_DEBUG_INFO = INCLUDE_SOURCE;
				MTL_FAST_MATH = YES;
				ONLY_ACTIVE_ARCH = YES;
				PRODUCT_NAME = "";
				SDKROOT = macosx;
				SWIFT_ACTIVE_COMPILATION_CONDITIONS = "DEBUG $(inherited)";
				SWIFT_OPTIMIZATION_LEVEL = "-Onone";
			};
			name = Debug;
		};
		8F37306E2C65CF7E000421B9 /* Release */ = {
			isa = XCBuildConfiguration;
			buildSettings = {
				ALWAYS_SEARCH_USER_PATHS = NO;
				ASSETCATALOG_COMPILER_GENERATE_SWIFT_ASSET_SYMBOL_EXTENSIONS = YES;
				CLANG_ANALYZER_NONNULL = YES;
				CLANG_ANALYZER_NUMBER_OBJECT_CONVERSION = YES_AGGRESSIVE;
				CLANG_CXX_LANGUAGE_STANDARD = "gnu++20";
				CLANG_ENABLE_MODULES = YES;
				CLANG_ENABLE_OBJC_ARC = YES;
				CLANG_ENABLE_OBJC_WEAK = YES;
				CLANG_WARN_BLOCK_CAPTURE_AUTORELEASING = YES;
				CLANG_WARN_BOOL_CONVERSION = YES;
				CLANG_WARN_COMMA = YES;
				CLANG_WARN_CONSTANT_CONVERSION = YES;
				CLANG_WARN_DEPRECATED_OBJC_IMPLEMENTATIONS = YES;
				CLANG_WARN_DIRECT_OBJC_ISA_USAGE = YES_ERROR;
				CLANG_WARN_DOCUMENTATION_COMMENTS = YES;
				CLANG_WARN_EMPTY_BODY = YES;
				CLANG_WARN_ENUM_CONVERSION = YES;
				CLANG_WARN_INFINITE_RECURSION = YES;
				CLANG_WARN_INT_CONVERSION = YES;
				CLANG_WARN_NON_LITERAL_NULL_CONVERSION = YES;
				CLANG_WARN_OBJC_IMPLICIT_RETAIN_SELF = YES;
				CLANG_WARN_OBJC_LITERAL_CONVERSION = YES;
				CLANG_WARN_OBJC_ROOT_CLASS = YES_ERROR;
				CLANG_WARN_QUOTED_INCLUDE_IN_FRAMEWORK_HEADER = YES;
				CLANG_WARN_RANGE_LOOP_ANALYSIS = YES;
				CLANG_WARN_STRICT_PROTOTYPES = YES;
				CLANG_WARN_SUSPICIOUS_MOVE = YES;
				CLANG_WARN_UNGUARDED_AVAILABILITY = YES_AGGRESSIVE;
				CLANG_WARN_UNREACHABLE_CODE = YES;
				CLANG_WARN__DUPLICATE_METHOD_MATCH = YES;
				COPY_PHASE_STRIP = NO;
				DEBUG_INFORMATION_FORMAT = "dwarf-with-dsym";
				ENABLE_NS_ASSERTIONS = NO;
				ENABLE_STRICT_OBJC_MSGSEND = YES;
				ENABLE_USER_SCRIPT_SANDBOXING = YES;
				GCC_C_LANGUAGE_STANDARD = gnu17;
				GCC_NO_COMMON_BLOCKS = YES;
				GCC_WARN_64_TO_32_BIT_CONVERSION = YES;
				GCC_WARN_ABOUT_RETURN_TYPE = YES_ERROR;
				GCC_WARN_UNDECLARED_SELECTOR = YES;
				GCC_WARN_UNINITIALIZED_AUTOS = YES_AGGRESSIVE;
				GCC_WARN_UNUSED_FUNCTION = YES;
				GCC_WARN_UNUSED_VARIABLE = YES;
				LOCALIZATION_PREFERS_STRING_CATALOGS = YES;
				MACOSX_DEPLOYMENT_TARGET = 14.5;
				MTL_ENABLE_DEBUG_INFO = NO;
				MTL_FAST_MATH = YES;
				PRODUCT_NAME = "";
				SDKROOT = macosx;
				SWIFT_COMPILATION_MODE = wholemodule;
			};
			name = Release;
		};
		8F3730702C65CF7E000421B9 /* Debug */ = {
			isa = XCBuildConfiguration;
			buildSettings = {
				ASSETCATALOG_COMPILER_APPICON_NAME = AppIcon;
				ASSETCATALOG_COMPILER_GLOBAL_ACCENT_COLOR_NAME = AccentColor;
				CODE_SIGN_ENTITLEMENTS = "idotmatrix-swift/idotmatrix_swift.entitlements";
				CODE_SIGN_STYLE = Automatic;
				COMBINE_HIDPI_IMAGES = YES;
				CURRENT_PROJECT_VERSION = 1;
				DEVELOPMENT_ASSET_PATHS = "\"idotmatrix-swift/Preview Content\"";
				DEVELOPMENT_TEAM = 38TP6LZLJ5;
				ENABLE_HARDENED_RUNTIME = YES;
				ENABLE_PREVIEWS = YES;
				GENERATE_INFOPLIST_FILE = YES;
				INFOPLIST_FILE = "idotmatrix-swift/Info.plist";
				INFOPLIST_KEY_CFBundleDisplayName = "Dot Matrix Display";
				INFOPLIST_KEY_LSApplicationCategoryType = "public.app-category.utilities";
				INFOPLIST_KEY_LSUIElement = YES;
				INFOPLIST_KEY_NSAppleEventsUsageDescription = Spotify;
				INFOPLIST_KEY_NSBluetoothAlwaysUsageDescription = "Bro I need";
				INFOPLIST_KEY_NSHumanReadableCopyright = "";
				LD_RUNPATH_SEARCH_PATHS = (
					"$(inherited)",
					"@executable_path/../Frameworks",
				);
				MARKETING_VERSION = 1.0;
				PRODUCT_BUNDLE_IDENTIFIER = "aviwadhwa.idotmatrix-swift";
				PRODUCT_NAME = "$(TARGET_NAME)";
				SUPPORTED_PLATFORMS = "iphoneos iphonesimulator macosx";
				SUPPORTS_MACCATALYST = NO;
				SWIFT_EMIT_LOC_STRINGS = YES;
				SWIFT_VERSION = 5.0;
				TARGETED_DEVICE_FAMILY = 1;
			};
			name = Debug;
		};
		8F3730712C65CF7E000421B9 /* Release */ = {
			isa = XCBuildConfiguration;
			buildSettings = {
				ASSETCATALOG_COMPILER_APPICON_NAME = AppIcon;
				ASSETCATALOG_COMPILER_GLOBAL_ACCENT_COLOR_NAME = AccentColor;
				CODE_SIGN_ENTITLEMENTS = "idotmatrix-swift/idotmatrix_swift.entitlements";
				CODE_SIGN_STYLE = Automatic;
				COMBINE_HIDPI_IMAGES = YES;
				CURRENT_PROJECT_VERSION = 1;
				DEVELOPMENT_ASSET_PATHS = "\"idotmatrix-swift/Preview Content\"";
				DEVELOPMENT_TEAM = 38TP6LZLJ5;
				ENABLE_HARDENED_RUNTIME = YES;
				ENABLE_PREVIEWS = YES;
				GENERATE_INFOPLIST_FILE = YES;
				INFOPLIST_FILE = "idotmatrix-swift/Info.plist";
				INFOPLIST_KEY_CFBundleDisplayName = "Dot Matrix Display";
				INFOPLIST_KEY_LSApplicationCategoryType = "public.app-category.utilities";
				INFOPLIST_KEY_LSUIElement = YES;
				INFOPLIST_KEY_NSAppleEventsUsageDescription = Spotify;
				INFOPLIST_KEY_NSBluetoothAlwaysUsageDescription = "Bro I need";
				INFOPLIST_KEY_NSHumanReadableCopyright = "";
				LD_RUNPATH_SEARCH_PATHS = (
					"$(inherited)",
					"@executable_path/../Frameworks",
				);
				MARKETING_VERSION = 1.0;
				PRODUCT_BUNDLE_IDENTIFIER = "aviwadhwa.idotmatrix-swift";
				PRODUCT_NAME = "$(TARGET_NAME)";
				SUPPORTED_PLATFORMS = "iphoneos iphonesimulator macosx";
				SUPPORTS_MACCATALYST = NO;
				SWIFT_EMIT_LOC_STRINGS = YES;
				SWIFT_VERSION = 5.0;
				TARGETED_DEVICE_FAMILY = 1;
			};
			name = Release;
		};
/* End XCBuildConfiguration section */

/* Begin XCConfigurationList section */
		8F37305B2C65CF7D000421B9 /* Build configuration list for PBXProject "idotmatrix-swift" */ = {
			isa = XCConfigurationList;
			buildConfigurations = (
				8F37306D2C65CF7E000421B9 /* Debug */,
				8F37306E2C65CF7E000421B9 /* Release */,
			);
			defaultConfigurationIsVisible = 0;
			defaultConfigurationName = Release;
		};
		8F37306F2C65CF7E000421B9 /* Build configuration list for PBXNativeTarget "Dot Matrix" */ = {
			isa = XCConfigurationList;
			buildConfigurations = (
				8F3730702C65CF7E000421B9 /* Debug */,
				8F3730712C65CF7E000421B9 /* Release */,
			);
			defaultConfigurationIsVisible = 0;
			defaultConfigurationName = Release;
		};
/* End XCConfigurationList section */

/* Begin XCRemoteSwiftPackageReference section */
		8F352AF12C674AA700D107CD /* XCRemoteSwiftPackageReference "CompactSlider" */ = {
			isa = XCRemoteSwiftPackageReference;
			repositoryURL = "https://github.com/buh/CompactSlider.git";
			requirement = {
				kind = upToNextMajorVersion;
				minimumVersion = 1.1.6;
			};
		};
		8F352AF92C69530500D107CD /* XCRemoteSwiftPackageReference "fluid-menu-bar-extra" */ = {
			isa = XCRemoteSwiftPackageReference;
			repositoryURL = "https://github.com/lfroms/fluid-menu-bar-extra";
			requirement = {
				kind = upToNextMajorVersion;
				minimumVersion = 1.1.0;
			};
		};
		8F3730732C65D189000421B9 /* XCRemoteSwiftPackageReference "SwiftBluetooth" */ = {
			isa = XCRemoteSwiftPackageReference;
			repositoryURL = "https://github.com/exPHAT/SwiftBluetooth.git";
			requirement = {
				kind = upToNextMajorVersion;
				minimumVersion = 1.0.0;
			};
		};
		8F7B369B2CADB23600DB7FEC /* XCRemoteSwiftPackageReference "ColorPicker" */ = {
			isa = XCRemoteSwiftPackageReference;
			repositoryURL = "https://github.com/hendriku/ColorPicker";
			requirement = {
				kind = upToNextMajorVersion;
				minimumVersion = 2.1.0;
			};
		};
		8F7B369E2CADB30600DB7FEC /* XCRemoteSwiftPackageReference "DynamicColor" */ = {
			isa = XCRemoteSwiftPackageReference;
			repositoryURL = "https://github.com/yannickl/DynamicColor";
			requirement = {
				kind = upToNextMajorVersion;
				minimumVersion = 5.0.1;
			};
		};
/* End XCRemoteSwiftPackageReference section */

/* Begin XCSwiftPackageProductDependency section */
		8F352AF22C674AA700D107CD /* CompactSlider */ = {
			isa = XCSwiftPackageProductDependency;
			package = 8F352AF12C674AA700D107CD /* XCRemoteSwiftPackageReference "CompactSlider" */;
			productName = CompactSlider;
		};
		8F352AFA2C69530500D107CD /* FluidMenuBarExtra */ = {
			isa = XCSwiftPackageProductDependency;
			package = 8F352AF92C69530500D107CD /* XCRemoteSwiftPackageReference "fluid-menu-bar-extra" */;
			productName = FluidMenuBarExtra;
		};
		8F3730742C65D189000421B9 /* SwiftBluetooth */ = {
			isa = XCSwiftPackageProductDependency;
			package = 8F3730732C65D189000421B9 /* XCRemoteSwiftPackageReference "SwiftBluetooth" */;
			productName = SwiftBluetooth;
		};
		8F7B369C2CADB23600DB7FEC /* ColorPickerRing */ = {
			isa = XCSwiftPackageProductDependency;
			package = 8F7B369B2CADB23600DB7FEC /* XCRemoteSwiftPackageReference "ColorPicker" */;
			productName = ColorPickerRing;
		};
		8F7B369F2CADB30600DB7FEC /* DynamicColor */ = {
			isa = XCSwiftPackageProductDependency;
			package = 8F7B369E2CADB30600DB7FEC /* XCRemoteSwiftPackageReference "DynamicColor" */;
			productName = DynamicColor;
		};
/* End XCSwiftPackageProductDependency section */
	};
	rootObject = 8F3730582C65CF7D000421B9 /* Project object */;
}
