{
  "originHash" : "f25a4760b775a8a959bcb8b6c7d679d55c8c935d3458db3dd663627227087654",
  "pins" : [
    {
      "identity" : "swiftbluetooth",
      "kind" : "remoteSourceControl",
      "location" : "https://github.com/exPHAT/SwiftBluetooth.git",
      "state" : {
        "revision" : "c5a9f4e5d6d1ffc312ffe26ea1760dc9a9a9673f",
        "version" : "1.0.0"
      }
    }
  ],
  "version" : 3
}
